
Microsoft Visual Studio Solution File, Format Version 12.00
# Visual Studio Version 17
VisualStudioVersion = 17.0.31903.59
MinimumVisualStudioVersion = 10.0.40219.1
Project("{2150E333-8FDC-42A3-9474-1A3956D46DE8}") = "src", "src", "{AD98D502-57E3-4240-A6A0-4885580BEE71}"
EndProject
Project("{FAE04EC0-301F-11D3-BF4B-00C04F79EFBC}") = "myspot.api", "src\myspot.api\myspot.api.csproj", "{2A6709A3-4CC4-41FB-9D0D-EB8DDF0030F8}"
EndProject
Project("{2150E333-8FDC-42A3-9474-1A3956D46DE8}") = "Serwajsy", "Serwajsy", "{1AB53259-7AD4-48E2-BAAE-D61CD4E0351D}"
EndProject
Global
	GlobalSection(SolutionConfigurationPlatforms) = preSolution
		Debug|Any CPU = Debug|Any CPU
		Release|Any CPU = Release|Any CPU
	EndGlobalSection
	GlobalSection(SolutionProperties) = preSolution
		HideSolutionNode = FALSE
	EndGlobalSection
	GlobalSection(ProjectConfigurationPlatforms) = postSolution
		{2A6709A3-4CC4-41FB-9D0D-EB8DDF0030F8}.Debug|Any CPU.ActiveCfg = Debug|Any CPU
		{2A6709A3-4CC4-41FB-9D0D-EB8DDF0030F8}.Debug|Any CPU.Build.0 = Debug|Any CPU
		{2A6709A3-4CC4-41FB-9D0D-EB8DDF0030F8}.Release|Any CPU.ActiveCfg = Release|Any CPU
		{2A6709A3-4CC4-41FB-9D0D-EB8DDF0030F8}.Release|Any CPU.Build.0 = Release|Any CPU
	EndGlobalSection
	GlobalSection(NestedProjects) = preSolution
		{2A6709A3-4CC4-41FB-9D0D-EB8DDF0030F8} = {AD98D502-57E3-4240-A6A0-4885580BEE71}
	EndGlobalSection
EndGlobal
